{
  "nodes": {
    "flake-utils": {
      "inputs": {
        "systems": "systems"
      },
      "locked": {
        "lastModified": 1705309234,
        "narHash": "sha256-uNRRNRKmJyCRC/8y1RqBkqWBLM034y4qN7EprSdmgyA=",
        "owner": "numtide",
        "repo": "flake-utils",
        "rev": "1ef2e671c3b0c19053962c07dbda38332dcebf26",
        "type": "github"
      },
      "original": {
        "owner": "numtide",
        "repo": "flake-utils",
        "type": "github"
      }
    },
    "nixpkgs": {
      "locked": {
        "lastModified": 1708299203,
        "narHash": "sha256-Vtp6eG8XZ9V3sUG7oEBhyLXaAZxbSXrwXHEkmpYgVXQ=",
        "owner": "NixOS",
        "repo": "nixpkgs",
        "rev": "ee1069d07d493473540dd467886c71c0adcbc60f",
        "type": "github"
      },
      "original": {
        "owner": "NixOS",
        "repo": "nixpkgs",
        "type": "github"
      }
    },
    "root": {
      "inputs": {
        "nixpkgs": "nixpkgs",
        "rust-overlay": "rust-overlay",
        "tailsrv": "tailsrv"
      }
    },
    "rust-overlay": {
      "inputs": {
        "flake-utils": "flake-utils",
        "nixpkgs": [
          "nixpkgs"
        ]
      },
      "locked": {
        "lastModified": 1708241671,
        "narHash": "sha256-zSulX9tP4R35Y8A842dGSzaHMVP91W2Ry0SXvQKD2BQ=",
        "owner": "oxalica",
        "repo": "rust-overlay",
        "rev": "d500e370b26f9b14303cb39bf1509df0a920c8b0",
        "type": "github"
      },
      "original": {
        "owner": "oxalica",
        "ref": "master",
        "repo": "rust-overlay",
        "type": "github"
      }
    },
    "systems": {
      "locked": {
        "lastModified": 1681028828,
        "narHash": "sha256-Vy1rq5AaRuLzOxct8nz4T6wlgyUR7zLU309k9mBC768=",
        "owner": "nix-systems",
        "repo": "default",
        "rev": "da67096a3b9bf56a91d16901293e51ba5b49a27e",
        "type": "github"
      },
      "original": {
        "owner": "nix-systems",
        "repo": "default",
        "type": "github"
      }
    },
    "tailsrv": {
      "flake": false,
      "locked": {
        "lastModified": 1693547793,
        "narHash": "sha256-AVw7VhoYB5D4be2vtV9dHlFyCXAWQ67c3B8PycvV6pc=",
        "type": "tarball",
        "url": "https://crates.io/api/v1/crates/tailsrv/0.6.1/download"
      },
      "original": {
        "type": "tarball",
        "url": "https://crates.io/api/v1/crates/tailsrv/0.6.1/download"
      }
    }
  },
  "root": "root",
  "version": 7
}
